
Microsoft Visual Studio Solution File, Format Version 12.00
# Visual Studio 15
VisualStudioVersion = 15.0.28010.2036
MinimumVisualStudioVersion = 10.0.40219.1
Project("{8BC9CEB8-8B4A-11D0-8D11-00A0C91BC942}") = "CP", "CP\CP.vcxproj", "{8A60B7DA-8B79-43FF-9F5D-10B1D3341A8E}"
EndProject
Global
	GlobalSection(SolutionConfigurationPlatforms) = preSolution
		Debug|x64 = Debug|x64
		Debug|x86 = Debug|x86
		Release|x64 = Release|x64
		Release|x86 = Release|x86
	EndGlobalSection
	GlobalSection(ProjectConfigurationPlatforms) = postSolution
		{8A60B7DA-8B79-43FF-9F5D-10B1D3341A8E}.Debug|x64.ActiveCfg = Debug|x64
		{8A60B7DA-8B79-43FF-9F5D-10B1D3341A8E}.Debug|x64.Build.0 = Debug|x64
		{8A60B7DA-8B79-43FF-9F5D-10B1D3341A8E}.Debug|x86.ActiveCfg = Debug|Win32
		{8A60B7DA-8B79-43FF-9F5D-10B1D3341A8E}.Debug|x86.Build.0 = Debug|Win32
		{8A60B7DA-8B79-43FF-9F5D-10B1D3341A8E}.Release|x64.ActiveCfg = Release|x64
		{8A60B7DA-8B79-43FF-9F5D-10B1D3341A8E}.Release|x64.Build.0 = Release|x64
		{8A60B7DA-8B79-43FF-9F5D-10B1D3341A8E}.Release|x86.ActiveCfg = Release|Win32
		{8A60B7DA-8B79-43FF-9F5D-10B1D3341A8E}.Release|x86.Build.0 = Release|Win32
	EndGlobalSection
	GlobalSection(SolutionProperties) = preSolution
		HideSolutionNode = FALSE
	EndGlobalSection
	GlobalSection(ExtensibilityGlobals) = postSolution
		SolutionGuid = {99B3E00B-2B06-4EF5-B9B7-A18225AD1346}
	EndGlobalSection
EndGlobal
